{
  "requires": true,
  "lockfileVersion": 1,
  "dependencies": {
    "@popperjs/core": {
      "version": "2.9.2",
      "resolved": "https://registry.npmjs.org/@popperjs/core/-/core-2.9.2.tgz",
      "integrity": "sha512-VZMYa7+fXHdwIq1TDhSXoVmSPEGM/aa+6Aiq3nVVJ9bXr24zScr+NlKFKC3iPljA7ho/GAZr+d2jOf5GIRC30Q=="
    },
    "@spectrum-css/accordion": {
      "version": "3.0.1",
      "resolved": "https://registry.npmjs.org/@spectrum-css/accordion/-/accordion-3.0.1.tgz",
      "integrity": "sha512-ffhQLF1zZhXVTuae7/oFOldRPdI2eq/tiTDKwCP/YkxZ7/GBD+14/DkTaw3QenxViXhRkzB5PJHVNdtln4xhEg=="
    },
    "@spectrum-css/actionbutton": {
      "version": "1.0.1",
      "resolved": "https://registry.npmjs.org/@spectrum-css/actionbutton/-/actionbutton-1.0.1.tgz",
      "integrity": "sha512-AUqtyNabHF451Aj9i3xz82TxS5Z6k1dttA68/1hMeU9kbPCSS4P6Viw3vaRGs9CSspuR8xnnhDgrq+F+zMy2Hw=="
    },
    "@spectrum-css/button": {
      "version": "3.0.1",
      "resolved": "https://registry.npmjs.org/@spectrum-css/button/-/button-3.0.1.tgz",
      "integrity": "sha512-YXrBtjIYisk4Vaxnp0RiE4gdElQX04P2mc4Pi2GlQ27dJKlHmufYcF+kAqGdtiyK5yjdN/vKRcC8y13aA4rusA=="
    },
    "@spectrum-css/icon": {
      "version": "3.0.1",
      "resolved": "https://registry.npmjs.org/@spectrum-css/icon/-/icon-3.0.1.tgz",
      "integrity": "sha512-cGFtIrcQ/7tthdkHK1npuEFiCdYVHLqwmLxghUYQw8Tb8KgJaw3OBO1tpjgsUizexNgu26BjVRIbGxNWuBXIHQ=="
    },
    "@spectrum-css/page": {
      "version": "3.0.1",
      "resolved": "https://registry.npmjs.org/@spectrum-css/page/-/page-3.0.1.tgz",
      "integrity": "sha512-LAlKF8km5BlsGPpZ2SNtwKOQIHn1lz0X93aczGZVZceOg73O4gyeoT5cx4vi1z+KtBRY5VMDWx3XgGtUwwjqwA==",
      "requires": {
        "@spectrum-css/vars": "^3.0.1"
      }
    },
    "@spectrum-css/picker": {
      "version": "1.0.2",
      "resolved": "https://registry.npmjs.org/@spectrum-css/picker/-/picker-1.0.2.tgz",
      "integrity": "sha512-wfOtS6CdSba5GkN/i8WeCHpfROq2jW4MNWmRWc4tjfaBm23ASJYQhPsKINqWLE02Cr8E65kVoXy2EBpPY+w7pg=="
    },
    "@spectrum-css/textfield": {
      "version": "3.0.1",
      "resolved": "https://registry.npmjs.org/@spectrum-css/textfield/-/textfield-3.0.1.tgz",
      "integrity": "sha512-MUV5q87CVxbkNdSNoxGrFbgyKc51ft/WWf3aVEoPdPw5yBnXqFe1w1YmAit5zYDOOhhs58sCLAlUcCMlOpkgrA=="
    },
    "@spectrum-css/typography": {
      "version": "3.0.1",
      "resolved": "https://registry.npmjs.org/@spectrum-css/typography/-/typography-3.0.1.tgz",
      "integrity": "sha512-XyR68K2rIZX3u4j7HhMLOqLVHDJZcapp3XUqgYMzMWccBFleA0qPxKpfRWqVIA5DzTMSIw0wEcZPYKWFZ2e6dA=="
    },
    "@spectrum-css/vars": {
      "version": "3.0.1",
      "resolved": "https://registry.npmjs.org/@spectrum-css/vars/-/vars-3.0.1.tgz",
      "integrity": "sha512-l4oRcCOqInChYXZN6OQhpe3isk6l4OE6Ys8cgdlsiKp53suNoQxyyd9p/eGRbCjZgH3xQ8nK0t4DHa7QYC0S6w=="
    },
    "@spectrum-web-components/action-button": {
      "version": "0.4.6",
      "resolved": "https://registry.npmjs.org/@spectrum-web-components/action-button/-/action-button-0.4.6.tgz",
      "integrity": "sha512-2jMEFrXcgTDLDo0QS5b17+msSDR4LImNxgTXE8FQW/hY9Jp4Ek2DkDme+Mkj5z4W10MOD4+o98EkXOB8VKmENA==",
      "requires": {
        "@spectrum-web-components/base": "^0.4.3",
        "@spectrum-web-components/button": "^0.13.6",
        "@spectrum-web-components/icon": "^0.9.5",
        "@spectrum-web-components/icons-ui": "^0.6.5",
        "tslib": "^2.0.0"
      }
    },
    "@spectrum-web-components/base": {
      "version": "0.4.3",
      "resolved": "https://registry.npmjs.org/@spectrum-web-components/base/-/base-0.4.3.tgz",
      "integrity": "sha512-r0JwW81rRzPT5XcvhXE5vB1+X0zjWbDw81ChBDmFkXtMMQsprxic97d2N81UlUbE7cYqmQurFdBx5kKDt32IhA==",
      "requires": {
        "lit-element": "^2.4.0",
        "lit-html": "^1.0.0",
        "tslib": "^2.0.0"
      }
    },
    "@spectrum-web-components/button": {
      "version": "0.13.6",
      "resolved": "https://registry.npmjs.org/@spectrum-web-components/button/-/button-0.13.6.tgz",
      "integrity": "sha512-KDDA6cFLJSmz9Psz/yUHqU7shz81v+2H16pGoeE/xq3xN3MI91mCzb/vnXzNkMSLuNv24pZNPBichfVZ6duezA==",
      "requires": {
        "@spectrum-web-components/base": "^0.4.3",
        "@spectrum-web-components/icon": "^0.9.5",
        "@spectrum-web-components/icons-ui": "^0.6.5",
        "@spectrum-web-components/shared": "^0.12.2",
        "tslib": "^2.0.0"
      }
    },
    "@spectrum-web-components/icon": {
      "version": "0.9.5",
      "resolved": "https://registry.npmjs.org/@spectrum-web-components/icon/-/icon-0.9.5.tgz",
      "integrity": "sha512-p1/BhWERyLjpKplu3kbfUiIfI0BXgA1kQ0oOHw5hb88PpPz4n7HWdK4RIBcHWah11wiUWcXg8v/yWLGGKkFJtQ==",
      "requires": {
        "@spectrum-web-components/base": "^0.4.3",
        "@spectrum-web-components/iconset": "^0.5.5",
        "tslib": "^2.0.0"
      }
    },
    "@spectrum-web-components/icons-ui": {
      "version": "0.6.5",
      "resolved": "https://registry.npmjs.org/@spectrum-web-components/icons-ui/-/icons-ui-0.6.5.tgz",
      "integrity": "sha512-+kBKpYX24JvcHwVLS8FeCwgH6g7bTShFDdCnc6Zi14Ez7zp3nT/Gf/w0EV307VXp3YtkjfuR1vrrfyER1NeFGg==",
      "requires": {
        "@spectrum-web-components/base": "^0.4.3",
        "@spectrum-web-components/icon": "^0.9.5",
        "@spectrum-web-components/iconset": "^0.5.5",
        "tslib": "^2.0.0"
      }
    },
    "@spectrum-web-components/icons-workflow": {
      "version": "0.6.5",
      "resolved": "https://registry.npmjs.org/@spectrum-web-components/icons-workflow/-/icons-workflow-0.6.5.tgz",
      "integrity": "sha512-igtEKhY0svhzCSALLfjBm7YP1QnMvu+inV0fB5OEPfIii/DqKq6FRR457NPQXoXCGXXa+CmA/53xQzsddGlYUw==",
      "requires": {
        "@spectrum-web-components/base": "^0.4.3",
        "@spectrum-web-components/icon": "^0.9.5",
        "tslib": "^2.0.0"
      }
    },
    "@spectrum-web-components/iconset": {
      "version": "0.5.5",
      "resolved": "https://registry.npmjs.org/@spectrum-web-components/iconset/-/iconset-0.5.5.tgz",
      "integrity": "sha512-k7v4AV3wEQbHVMgT59hRK80F8030fkx7GmPV8H1czQ9CXVI2ASJ1MuLHz2Qfrwz2ThhH+0b4gxMe2VpuYAubWA==",
      "requires": {
        "@spectrum-web-components/base": "^0.4.3",
        "tslib": "^2.0.0"
      }
    },
    "@spectrum-web-components/menu": {
      "version": "0.8.4",
      "resolved": "https://registry.npmjs.org/@spectrum-web-components/menu/-/menu-0.8.4.tgz",
      "integrity": "sha512-PLrG9HDed3jBvj+oQpu5a+Hbafg2Zhynaw5k/8WBx2h5xYpToLxAY0aDpFhJDz8LAVZ9jkiVhnyflKWMa2IJjg==",
      "requires": {
        "@spectrum-web-components/action-button": "^0.4.6",
        "@spectrum-web-components/base": "^0.4.3",
        "@spectrum-web-components/icon": "^0.9.5",
        "@spectrum-web-components/icons-ui": "^0.6.5",
        "@spectrum-web-components/shared": "^0.12.2",
        "tslib": "^2.0.0"
      }
    },
    "@spectrum-web-components/overlay": {
      "version": "0.11.4",
      "resolved": "https://registry.npmjs.org/@spectrum-web-components/overlay/-/overlay-0.11.4.tgz",
      "integrity": "sha512-Dov+ahUFcFacuLqvMNsbTZXbv4x6HHRc0pO2UDOEhzy02R72jvo7QAlmhOgZlHQpCg2wSxeo6A0kdL56B0OqPQ==",
      "requires": {
        "@popperjs/core": "^2.2.2",
        "@spectrum-web-components/action-button": "^0.4.6",
        "@spectrum-web-components/base": "^0.4.3",
        "@spectrum-web-components/shared": "^0.12.2",
        "@spectrum-web-components/theme": "^0.8.6",
        "popper-max-size-modifier": "^0.2.0",
        "tslib": "^2.0.0"
      }
    },
    "@spectrum-web-components/picker": {
      "version": "0.4.4",
      "resolved": "https://registry.npmjs.org/@spectrum-web-components/picker/-/picker-0.4.4.tgz",
      "integrity": "sha512-7eNEv7LfiOHI/WCugvyyqjyUDRcV1rkA++KtDzrIaflW95pX7vr8jVlrRnSKGt/1ZbkaDlKWBpuUzA+6qfks1g==",
      "requires": {
        "@spectrum-web-components/base": "^0.4.3",
        "@spectrum-web-components/button": "^0.13.6",
        "@spectrum-web-components/icon": "^0.9.5",
        "@spectrum-web-components/icons-ui": "^0.6.5",
        "@spectrum-web-components/icons-workflow": "^0.6.5",
        "@spectrum-web-components/menu": "^0.8.4",
        "@spectrum-web-components/overlay": "^0.11.4",
        "@spectrum-web-components/popover": "^0.9.6",
        "@spectrum-web-components/shared": "^0.12.2",
        "tslib": "^2.0.0"
      }
    },
    "@spectrum-web-components/popover": {
      "version": "0.9.6",
      "resolved": "https://registry.npmjs.org/@spectrum-web-components/popover/-/popover-0.9.6.tgz",
      "integrity": "sha512-BYp020uY34XXa2VEwtWtXV9ZJAcLHFmUytWjDRpbPKyFtVhyNhM8uCxAoaZLNBXSFs5AOxv7D/5Q1Sol68pEJw==",
      "requires": {
        "@spectrum-web-components/base": "^0.4.3",
        "@spectrum-web-components/overlay": "^0.11.4",
        "tslib": "^2.0.0"
      }
    },
    "@spectrum-web-components/shared": {
      "version": "0.12.2",
      "resolved": "https://registry.npmjs.org/@spectrum-web-components/shared/-/shared-0.12.2.tgz",
      "integrity": "sha512-ASrjSXwrOTqnbmHiTbEntB70gYEcXmSziCjaNjQA3CbJrf7cU8hnzpREkSn6ohsvUzz/EFsuZb+RRTnwDn22aw==",
      "requires": {
        "@spectrum-web-components/base": "^0.4.3",
        "focus-visible": "^5.1.0",
        "tslib": "^2.0.0"
      }
    },
    "@spectrum-web-components/styles": {
      "version": "0.9.5",
      "resolved": "https://registry.npmjs.org/@spectrum-web-components/styles/-/styles-0.9.5.tgz",
      "integrity": "sha512-Obd7Eto/cFvNOzfe8R9mndXuOGZ5UA5lEmQQ0MDTcAE/99VLtyj5IZcBLaF5M8CNm81VqMwhKqLRqncl/3YxuQ==",
      "requires": {
        "@spectrum-web-components/base": "^0.4.3"
      }
    },
    "@spectrum-web-components/theme": {
      "version": "0.8.6",
      "resolved": "https://registry.npmjs.org/@spectrum-web-components/theme/-/theme-0.8.6.tgz",
      "integrity": "sha512-xkV0zpUhpOOny+FIZOakpxuXJ4noV3i7/3rO1msT057LH+ixyfIT24yhSpvo0EbIgA6WSOlkjEQyU1YTogHQXw==",
      "requires": {
        "@spectrum-web-components/base": "^0.4.3",
        "@spectrum-web-components/styles": "^0.9.5",
        "tslib": "^2.0.0"
      }
    },
    "focus-visible": {
      "version": "5.2.0",
      "resolved": "https://registry.npmjs.org/focus-visible/-/focus-visible-5.2.0.tgz",
      "integrity": "sha512-Rwix9pBtC1Nuy5wysTmKy+UjbDJpIfg8eHjw0rjZ1mX4GNLz1Bmd16uDpI3Gk1i70Fgcs8Csg2lPm8HULFg9DQ=="
    },
    "lit-element": {
      "version": "2.4.0",
      "resolved": "https://registry.npmjs.org/lit-element/-/lit-element-2.4.0.tgz",
      "integrity": "sha512-pBGLglxyhq/Prk2H91nA0KByq/hx/wssJBQFiYqXhGDvEnY31PRGYf1RglVzyLeRysu0IHm2K0P196uLLWmwFg==",
      "requires": {
        "lit-html": "^1.1.1"
      }
    },
    "lit-html": {
      "version": "1.3.0",
      "resolved": "https://registry.npmjs.org/lit-html/-/lit-html-1.3.0.tgz",
      "integrity": "sha512-0Q1bwmaFH9O14vycPHw8C/IeHMk/uSDldVLIefu/kfbTBGIc44KGH6A8p1bDfxUfHdc8q6Ct7kQklWoHgr4t1Q=="
    },
    "popper-max-size-modifier": {
      "version": "0.2.0",
      "resolved": "https://registry.npmjs.org/popper-max-size-modifier/-/popper-max-size-modifier-0.2.0.tgz",
      "integrity": "sha512-UerPt9pZfTFnpSpIBVJrR3ibHMuU1k5K01AyNLfMUWCr4z1MFH+dsayPlAF9ZeYExa02HPiQn5OIMqUSVtJEbg=="
    },
    "tslib": {
      "version": "2.2.0",
      "resolved": "https://registry.npmjs.org/tslib/-/tslib-2.2.0.tgz",
      "integrity": "sha512-gS9GVHRU+RGn5KQM2rllAlR3dU6m7AcpJKdtH8gFvQiC4Otgk98XnmMU+nZenHt/+VhnBPWwgrJsyrdcw6i23w=="
    }
  }
}
